
Microsoft Visual Studio Solution File, Format Version 12.00
# Visual Studio 2012
Project("{6CDA7E4C-4908-4856-9C04-6A906FCA8BF9}") = "Org.Roylance.Yaorm.Api", "Org.Roylance.Yaorm.Api.xproj", "{7C26835C-FE47-45BC-8E21-1EC4A53BE286}"
EndProject
Global
	GlobalSection(SolutionConfigurationPlatforms) = preSolution
		Debug|Any CPU = Debug|Any CPU
		Release|Any CPU = Release|Any CPU
	EndGlobalSection
	GlobalSection(ProjectConfigurationPlatforms) = postSolution
		{7C26835C-FE47-45BC-8E21-1EC4A53BE286}.Debug|Any CPU.ActiveCfg = Debug|Any CPU
		{7C26835C-FE47-45BC-8E21-1EC4A53BE286}.Debug|Any CPU.Build.0 = Debug|Any CPU
		{7C26835C-FE47-45BC-8E21-1EC4A53BE286}.Release|Any CPU.ActiveCfg = Release|Any CPU
		{7C26835C-FE47-45BC-8E21-1EC4A53BE286}.Release|Any CPU.Build.0 = Release|Any CPU
	EndGlobalSection
EndGlobal
