
Microsoft Visual Studio Solution File, Format Version 12.00
# Visual Studio 2012
Project("{2E7569BE-A306-4578-AF1B-CA71DFB0BAD2}") = "Org.Roylance.Yaorm.Api", "Org.Roylance.Yaorm.Api.xproj", "{8E1B3515-6ECD-405A-B0FB-DB70E8EDF330}"
EndProject
Global
	GlobalSection(SolutionConfigurationPlatforms) = preSolution
		Debug|Any CPU = Debug|Any CPU
		Release|Any CPU = Release|Any CPU
	EndGlobalSection
	GlobalSection(ProjectConfigurationPlatforms) = postSolution
		{8E1B3515-6ECD-405A-B0FB-DB70E8EDF330}.Debug|Any CPU.ActiveCfg = Debug|Any CPU
		{8E1B3515-6ECD-405A-B0FB-DB70E8EDF330}.Debug|Any CPU.Build.0 = Debug|Any CPU
		{8E1B3515-6ECD-405A-B0FB-DB70E8EDF330}.Release|Any CPU.ActiveCfg = Release|Any CPU
		{8E1B3515-6ECD-405A-B0FB-DB70E8EDF330}.Release|Any CPU.Build.0 = Release|Any CPU
	EndGlobalSection
EndGlobal
